// !$*UTF8*$!
{
	archiveVersion = 1;
	classes = {
	};
	objectVersion = 60;
	objects = {

/* Begin PBXBuildFile section */
		077E055B2C66E9DD00B9D2D4 /* WishView.swift in Sources */ = {isa = PBXBuildFile; fileRef = 077E055A2C66E9DD00B9D2D4 /* WishView.swift */; };
		077E055D2C66ECCE00B9D2D4 /* DetailScreen.swift in Sources */ = {isa = PBXBuildFile; fileRef = 077E055C2C66ECCE00B9D2D4 /* DetailScreen.swift */; };
		077E055F2C67DC1500B9D2D4 /* Birthdates.swift in Sources */ = {isa = PBXBuildFile; fileRef = 077E055E2C67DC1500B9D2D4 /* Birthdates.swift */; };
		077E05662C680C2600B9D2D4 /* Env.swift in Sources */ = {isa = PBXBuildFile; fileRef = 077E05652C680C2600B9D2D4 /* Env.swift */; };
		077E05682C68160C00B9D2D4 /* AnimationLoading.swift in Sources */ = {isa = PBXBuildFile; fileRef = 077E05672C68160C00B9D2D4 /* AnimationLoading.swift */; };
		077E056A2C68163200B9D2D4 /* Animation.gif in Resources */ = {isa = PBXBuildFile; fileRef = 077E05692C68163200B9D2D4 /* Animation.gif */; };
		07FB37CC2C5FCB350070EEFA /* BirthdaysApp.swift in Sources */ = {isa = PBXBuildFile; fileRef = 07FB37CB2C5FCB350070EEFA /* BirthdaysApp.swift */; };
		07FB37CE2C5FCB350070EEFA /* ContentView.swift in Sources */ = {isa = PBXBuildFile; fileRef = 07FB37CD2C5FCB350070EEFA /* ContentView.swift */; };
		07FB37D02C5FCB360070EEFA /* Assets.xcassets in Resources */ = {isa = PBXBuildFile; fileRef = 07FB37CF2C5FCB360070EEFA /* Assets.xcassets */; };
		07FB37D32C5FCB360070EEFA /* Preview Assets.xcassets in Resources */ = {isa = PBXBuildFile; fileRef = 07FB37D22C5FCB360070EEFA /* Preview Assets.xcassets */; };
		07FB37DC2C5FCC670070EEFA /* AddContactView.swift in Sources */ = {isa = PBXBuildFile; fileRef = 07FB37DB2C5FCC670070EEFA /* AddContactView.swift */; };
		07FB38152C5FDFB70070EEFA /* Contact.swift in Sources */ = {isa = PBXBuildFile; fileRef = 07FB38142C5FDFB70070EEFA /* Contact.swift */; };
		07FB381D2C5FDFDF0070EEFA /* WidgetKit.framework in Frameworks */ = {isa = PBXBuildFile; fileRef = 07FB381C2C5FDFDF0070EEFA /* WidgetKit.framework */; };
		07FB381F2C5FDFDF0070EEFA /* SwiftUI.framework in Frameworks */ = {isa = PBXBuildFile; fileRef = 07FB381E2C5FDFDF0070EEFA /* SwiftUI.framework */; };
		07FB38242C5FDFDF0070EEFA /* BirthdayWidgetBundle.swift in Sources */ = {isa = PBXBuildFile; fileRef = 07FB38232C5FDFDF0070EEFA /* BirthdayWidgetBundle.swift */; };
		07FB38282C5FDFDF0070EEFA /* BirthdayWidget.swift in Sources */ = {isa = PBXBuildFile; fileRef = 07FB38272C5FDFDF0070EEFA /* BirthdayWidget.swift */; };
		07FB382A2C5FDFDF0070EEFA /* AppIntent.swift in Sources */ = {isa = PBXBuildFile; fileRef = 07FB38292C5FDFDF0070EEFA /* AppIntent.swift */; };
		07FB382C2C5FDFE00070EEFA /* Assets.xcassets in Resources */ = {isa = PBXBuildFile; fileRef = 07FB382B2C5FDFE00070EEFA /* Assets.xcassets */; };
		07FB38302C5FDFE00070EEFA /* BirthdayWidgetExtension.appex in Embed Foundation Extensions */ = {isa = PBXBuildFile; fileRef = 07FB381A2C5FDFDF0070EEFA /* BirthdayWidgetExtension.appex */; settings = {ATTRIBUTES = (RemoveHeadersOnCopy, ); }; };
		07FB38372C5FE3B80070EEFA /* Contact.swift in Sources */ = {isa = PBXBuildFile; fileRef = 07FB38362C5FE3B80070EEFA /* Contact.swift */; };
		07FB383B2C6266E90070EEFA /* AddNotifications.swift in Sources */ = {isa = PBXBuildFile; fileRef = 07FB383A2C6266E90070EEFA /* AddNotifications.swift */; };
/* End PBXBuildFile section */

/* Begin PBXContainerItemProxy section */
		07FB382E2C5FDFE00070EEFA /* PBXContainerItemProxy */ = {
			isa = PBXContainerItemProxy;
			containerPortal = 07FB37C02C5FCB350070EEFA /* Project object */;
			proxyType = 1;
			remoteGlobalIDString = 07FB38192C5FDFDF0070EEFA;
			remoteInfo = BirthdayWidgetExtension;
		};
/* End PBXContainerItemProxy section */

/* Begin PBXCopyFilesBuildPhase section */
		07FB37FB2C5FD1C60070EEFA /* Embed Foundation Extensions */ = {
			isa = PBXCopyFilesBuildPhase;
			buildActionMask = 2147483647;
			dstPath = "";
			dstSubfolderSpec = 13;
			files = (
				07FB38302C5FDFE00070EEFA /* BirthdayWidgetExtension.appex in Embed Foundation Extensions */,
			);
			name = "Embed Foundation Extensions";
			runOnlyForDeploymentPostprocessing = 0;
		};
		07FB380E2C5FD5330070EEFA /* Embed Frameworks */ = {
			isa = PBXCopyFilesBuildPhase;
			buildActionMask = 2147483647;
			dstPath = "";
			dstSubfolderSpec = 10;
			files = (
			);
			name = "Embed Frameworks";
			runOnlyForDeploymentPostprocessing = 0;
		};
/* End PBXCopyFilesBuildPhase section */

/* Begin PBXFileReference section */
		077E055A2C66E9DD00B9D2D4 /* WishView.swift */ = {isa = PBXFileReference; lastKnownFileType = sourcecode.swift; path = WishView.swift; sourceTree = "<group>"; };
		077E055C2C66ECCE00B9D2D4 /* DetailScreen.swift */ = {isa = PBXFileReference; lastKnownFileType = sourcecode.swift; path = DetailScreen.swift; sourceTree = "<group>"; };
		077E055E2C67DC1500B9D2D4 /* Birthdates.swift */ = {isa = PBXFileReference; lastKnownFileType = sourcecode.swift; path = Birthdates.swift; sourceTree = "<group>"; };
		077E05652C680C2600B9D2D4 /* Env.swift */ = {isa = PBXFileReference; lastKnownFileType = sourcecode.swift; path = Env.swift; sourceTree = "<group>"; };
		077E05672C68160C00B9D2D4 /* AnimationLoading.swift */ = {isa = PBXFileReference; lastKnownFileType = sourcecode.swift; path = AnimationLoading.swift; sourceTree = "<group>"; };
		077E05692C68163200B9D2D4 /* Animation.gif */ = {isa = PBXFileReference; lastKnownFileType = image.gif; path = Animation.gif; sourceTree = "<group>"; };
		07FB37C82C5FCB350070EEFA /* Birthdays.app */ = {isa = PBXFileReference; explicitFileType = wrapper.application; includeInIndex = 0; path = Birthdays.app; sourceTree = BUILT_PRODUCTS_DIR; };
		07FB37CB2C5FCB350070EEFA /* BirthdaysApp.swift */ = {isa = PBXFileReference; lastKnownFileType = sourcecode.swift; path = BirthdaysApp.swift; sourceTree = "<group>"; };
		07FB37CD2C5FCB350070EEFA /* ContentView.swift */ = {isa = PBXFileReference; lastKnownFileType = sourcecode.swift; path = ContentView.swift; sourceTree = "<group>"; };
		07FB37CF2C5FCB360070EEFA /* Assets.xcassets */ = {isa = PBXFileReference; lastKnownFileType = folder.assetcatalog; path = Assets.xcassets; sourceTree = "<group>"; };
		07FB37D22C5FCB360070EEFA /* Preview Assets.xcassets */ = {isa = PBXFileReference; lastKnownFileType = folder.assetcatalog; path = "Preview Assets.xcassets"; sourceTree = "<group>"; };
		07FB37DB2C5FCC670070EEFA /* AddContactView.swift */ = {isa = PBXFileReference; lastKnownFileType = sourcecode.swift; path = AddContactView.swift; sourceTree = "<group>"; };
		07FB38142C5FDFB70070EEFA /* Contact.swift */ = {isa = PBXFileReference; lastKnownFileType = sourcecode.swift; path = Contact.swift; sourceTree = "<group>"; };
		07FB381A2C5FDFDF0070EEFA /* BirthdayWidgetExtension.appex */ = {isa = PBXFileReference; explicitFileType = "wrapper.app-extension"; includeInIndex = 0; path = BirthdayWidgetExtension.appex; sourceTree = BUILT_PRODUCTS_DIR; };
		07FB381C2C5FDFDF0070EEFA /* WidgetKit.framework */ = {isa = PBXFileReference; lastKnownFileType = wrapper.framework; name = WidgetKit.framework; path = System/Library/Frameworks/WidgetKit.framework; sourceTree = SDKROOT; };
		07FB381E2C5FDFDF0070EEFA /* SwiftUI.framework */ = {isa = PBXFileReference; lastKnownFileType = wrapper.framework; name = SwiftUI.framework; path = System/Library/Frameworks/SwiftUI.framework; sourceTree = SDKROOT; };
		07FB38232C5FDFDF0070EEFA /* BirthdayWidgetBundle.swift */ = {isa = PBXFileReference; lastKnownFileType = sourcecode.swift; path = BirthdayWidgetBundle.swift; sourceTree = "<group>"; };
		07FB38272C5FDFDF0070EEFA /* BirthdayWidget.swift */ = {isa = PBXFileReference; lastKnownFileType = sourcecode.swift; path = BirthdayWidget.swift; sourceTree = "<group>"; };
		07FB38292C5FDFDF0070EEFA /* AppIntent.swift */ = {isa = PBXFileReference; lastKnownFileType = sourcecode.swift; path = AppIntent.swift; sourceTree = "<group>"; };
		07FB382B2C5FDFE00070EEFA /* Assets.xcassets */ = {isa = PBXFileReference; lastKnownFileType = folder.assetcatalog; path = Assets.xcassets; sourceTree = "<group>"; };
		07FB382D2C5FDFE00070EEFA /* Info.plist */ = {isa = PBXFileReference; lastKnownFileType = text.plist.xml; path = Info.plist; sourceTree = "<group>"; };
		07FB38342C5FE1DC0070EEFA /* BirthdayWidgetExtension.entitlements */ = {isa = PBXFileReference; lastKnownFileType = text.plist.entitlements; path = BirthdayWidgetExtension.entitlements; sourceTree = "<group>"; };
		07FB38352C5FE21C0070EEFA /* Birthdays.entitlements */ = {isa = PBXFileReference; lastKnownFileType = text.plist.entitlements; path = Birthdays.entitlements; sourceTree = "<group>"; };
		07FB38362C5FE3B80070EEFA /* Contact.swift */ = {isa = PBXFileReference; lastKnownFileType = sourcecode.swift; path = Contact.swift; sourceTree = "<group>"; };
		07FB383A2C6266E90070EEFA /* AddNotifications.swift */ = {isa = PBXFileReference; lastKnownFileType = sourcecode.swift; path = AddNotifications.swift; sourceTree = "<group>"; };
/* End PBXFileReference section */

/* Begin PBXFrameworksBuildPhase section */
		07FB37C52C5FCB350070EEFA /* Frameworks */ = {
			isa = PBXFrameworksBuildPhase;
			buildActionMask = 2147483647;
			files = (
			);
			runOnlyForDeploymentPostprocessing = 0;
		};
		07FB38172C5FDFDF0070EEFA /* Frameworks */ = {
			isa = PBXFrameworksBuildPhase;
			buildActionMask = 2147483647;
			files = (
				07FB381F2C5FDFDF0070EEFA /* SwiftUI.framework in Frameworks */,
				07FB381D2C5FDFDF0070EEFA /* WidgetKit.framework in Frameworks */,
			);
			runOnlyForDeploymentPostprocessing = 0;
		};
/* End PBXFrameworksBuildPhase section */

/* Begin PBXGroup section */
		07FB37BF2C5FCB350070EEFA = {
			isa = PBXGroup;
			children = (
				07FB38342C5FE1DC0070EEFA /* BirthdayWidgetExtension.entitlements */,
				07FB37CA2C5FCB350070EEFA /* Birthdays */,
				07FB38202C5FDFDF0070EEFA /* BirthdayWidget */,
				07FB381B2C5FDFDF0070EEFA /* Frameworks */,
				07FB37C92C5FCB350070EEFA /* Products */,
			);
			sourceTree = "<group>";
		};
		07FB37C92C5FCB350070EEFA /* Products */ = {
			isa = PBXGroup;
			children = (
				07FB37C82C5FCB350070EEFA /* Birthdays.app */,
				07FB381A2C5FDFDF0070EEFA /* BirthdayWidgetExtension.appex */,
			);
			name = Products;
			sourceTree = "<group>";
		};
		07FB37CA2C5FCB350070EEFA /* Birthdays */ = {
			isa = PBXGroup;
			children = (
				07FB38352C5FE21C0070EEFA /* Birthdays.entitlements */,
				07FB37CB2C5FCB350070EEFA /* BirthdaysApp.swift */,
				077E05692C68163200B9D2D4 /* Animation.gif */,
				07FB37CD2C5FCB350070EEFA /* ContentView.swift */,
				077E055C2C66ECCE00B9D2D4 /* DetailScreen.swift */,
				077E055E2C67DC1500B9D2D4 /* Birthdates.swift */,
				07FB38142C5FDFB70070EEFA /* Contact.swift */,
				077E055A2C66E9DD00B9D2D4 /* WishView.swift */,
				077E05672C68160C00B9D2D4 /* AnimationLoading.swift */,
				077E05652C680C2600B9D2D4 /* Env.swift */,
				07FB37DB2C5FCC670070EEFA /* AddContactView.swift */,
				07FB383A2C6266E90070EEFA /* AddNotifications.swift */,
				07FB37CF2C5FCB360070EEFA /* Assets.xcassets */,
				07FB37D12C5FCB360070EEFA /* Preview Content */,
			);
			path = Birthdays;
			sourceTree = "<group>";
		};
		07FB37D12C5FCB360070EEFA /* Preview Content */ = {
			isa = PBXGroup;
			children = (
				07FB37D22C5FCB360070EEFA /* Preview Assets.xcassets */,
			);
			path = "Preview Content";
			sourceTree = "<group>";
		};
		07FB381B2C5FDFDF0070EEFA /* Frameworks */ = {
			isa = PBXGroup;
			children = (
				07FB381C2C5FDFDF0070EEFA /* WidgetKit.framework */,
				07FB381E2C5FDFDF0070EEFA /* SwiftUI.framework */,
			);
			name = Frameworks;
			sourceTree = "<group>";
		};
		07FB38202C5FDFDF0070EEFA /* BirthdayWidget */ = {
			isa = PBXGroup;
			children = (
				07FB38362C5FE3B80070EEFA /* Contact.swift */,
				07FB38232C5FDFDF0070EEFA /* BirthdayWidgetBundle.swift */,
				07FB38272C5FDFDF0070EEFA /* BirthdayWidget.swift */,
				07FB38292C5FDFDF0070EEFA /* AppIntent.swift */,
				07FB382B2C5FDFE00070EEFA /* Assets.xcassets */,
				07FB382D2C5FDFE00070EEFA /* Info.plist */,
			);
			path = BirthdayWidget;
			sourceTree = "<group>";
		};
/* End PBXGroup section */

/* Begin PBXNativeTarget section */
		07FB37C72C5FCB350070EEFA /* Birthdays */ = {
			isa = PBXNativeTarget;
			buildConfigurationList = 07FB37D62C5FCB360070EEFA /* Build configuration list for PBXNativeTarget "Birthdays" */;
			buildPhases = (
				07FB37C42C5FCB350070EEFA /* Sources */,
				07FB37C52C5FCB350070EEFA /* Frameworks */,
				07FB37C62C5FCB350070EEFA /* Resources */,
				07FB37FB2C5FD1C60070EEFA /* Embed Foundation Extensions */,
				07FB380E2C5FD5330070EEFA /* Embed Frameworks */,
			);
			buildRules = (
			);
			dependencies = (
				07FB382F2C5FDFE00070EEFA /* PBXTargetDependency */,
			);
			name = Birthdays;
			productName = Birthdays;
			productReference = 07FB37C82C5FCB350070EEFA /* Birthdays.app */;
			productType = "com.apple.product-type.application";
		};
		07FB38192C5FDFDF0070EEFA /* BirthdayWidgetExtension */ = {
			isa = PBXNativeTarget;
			buildConfigurationList = 07FB38312C5FDFE00070EEFA /* Build configuration list for PBXNativeTarget "BirthdayWidgetExtension" */;
			buildPhases = (
				07FB38162C5FDFDF0070EEFA /* Sources */,
				07FB38172C5FDFDF0070EEFA /* Frameworks */,
				07FB38182C5FDFDF0070EEFA /* Resources */,
			);
			buildRules = (
			);
			dependencies = (
			);
			name = BirthdayWidgetExtension;
			productName = BirthdayWidgetExtension;
			productReference = 07FB381A2C5FDFDF0070EEFA /* BirthdayWidgetExtension.appex */;
			productType = "com.apple.product-type.app-extension";
		};
/* End PBXNativeTarget section */

/* Begin PBXProject section */
		07FB37C02C5FCB350070EEFA /* Project object */ = {
			isa = PBXProject;
			attributes = {
				BuildIndependentTargetsInParallel = 1;
				LastSwiftUpdateCheck = 1600;
				LastUpgradeCheck = 1600;
				TargetAttributes = {
					07FB37C72C5FCB350070EEFA = {
						CreatedOnToolsVersion = 16.0;
					};
					07FB38192C5FDFDF0070EEFA = {
						CreatedOnToolsVersion = 16.0;
					};
				};
			};
			buildConfigurationList = 07FB37C32C5FCB350070EEFA /* Build configuration list for PBXProject "Birthdays" */;
			compatibilityVersion = "Xcode 15.0";
			developmentRegion = en;
			hasScannedForEncodings = 0;
			knownRegions = (
				en,
				Base,
			);
			mainGroup = 07FB37BF2C5FCB350070EEFA;
			productRefGroup = 07FB37C92C5FCB350070EEFA /* Products */;
			projectDirPath = "";
			projectRoot = "";
			targets = (
				07FB37C72C5FCB350070EEFA /* Birthdays */,
				07FB38192C5FDFDF0070EEFA /* BirthdayWidgetExtension */,
			);
		};
/* End PBXProject section */

/* Begin PBXResourcesBuildPhase section */
		07FB37C62C5FCB350070EEFA /* Resources */ = {
			isa = PBXResourcesBuildPhase;
			buildActionMask = 2147483647;
			files = (
				07FB37D32C5FCB360070EEFA /* Preview Assets.xcassets in Resources */,
				077E056A2C68163200B9D2D4 /* Animation.gif in Resources */,
				07FB37D02C5FCB360070EEFA /* Assets.xcassets in Resources */,
			);
			runOnlyForDeploymentPostprocessing = 0;
		};
		07FB38182C5FDFDF0070EEFA /* Resources */ = {
			isa = PBXResourcesBuildPhase;
			buildActionMask = 2147483647;
			files = (
				07FB382C2C5FDFE00070EEFA /* Assets.xcassets in Resources */,
			);
			runOnlyForDeploymentPostprocessing = 0;
		};
/* End PBXResourcesBuildPhase section */

/* Begin PBXSourcesBuildPhase section */
		07FB37C42C5FCB350070EEFA /* Sources */ = {
			isa = PBXSourcesBuildPhase;
			buildActionMask = 2147483647;
			files = (
				07FB383B2C6266E90070EEFA /* AddNotifications.swift in Sources */,
				07FB38152C5FDFB70070EEFA /* Contact.swift in Sources */,
				07FB37CE2C5FCB350070EEFA /* ContentView.swift in Sources */,
				077E05662C680C2600B9D2D4 /* Env.swift in Sources */,
				07FB37CC2C5FCB350070EEFA /* BirthdaysApp.swift in Sources */,
				07FB37DC2C5FCC670070EEFA /* AddContactView.swift in Sources */,
				077E055F2C67DC1500B9D2D4 /* Birthdates.swift in Sources */,
				077E055D2C66ECCE00B9D2D4 /* DetailScreen.swift in Sources */,
				077E055B2C66E9DD00B9D2D4 /* WishView.swift in Sources */,
				077E05682C68160C00B9D2D4 /* AnimationLoading.swift in Sources */,
			);
			runOnlyForDeploymentPostprocessing = 0;
		};
		07FB38162C5FDFDF0070EEFA /* Sources */ = {
			isa = PBXSourcesBuildPhase;
			buildActionMask = 2147483647;
			files = (
				07FB38372C5FE3B80070EEFA /* Contact.swift in Sources */,
				07FB38242C5FDFDF0070EEFA /* BirthdayWidgetBundle.swift in Sources */,
				07FB382A2C5FDFDF0070EEFA /* AppIntent.swift in Sources */,
				07FB38282C5FDFDF0070EEFA /* BirthdayWidget.swift in Sources */,
			);
			runOnlyForDeploymentPostprocessing = 0;
		};
/* End PBXSourcesBuildPhase section */

/* Begin PBXTargetDependency section */
		07FB382F2C5FDFE00070EEFA /* PBXTargetDependency */ = {
			isa = PBXTargetDependency;
			target = 07FB38192C5FDFDF0070EEFA /* BirthdayWidgetExtension */;
			targetProxy = 07FB382E2C5FDFE00070EEFA /* PBXContainerItemProxy */;
		};
/* End PBXTargetDependency section */

/* Begin XCBuildConfiguration section */
		07FB37D42C5FCB360070EEFA /* Debug */ = {
			isa = XCBuildConfiguration;
			buildSettings = {
				ALWAYS_SEARCH_USER_PATHS = NO;
				ASSETCATALOG_COMPILER_GENERATE_SWIFT_ASSET_SYMBOL_EXTENSIONS = YES;
				CLANG_ANALYZER_NONNULL = YES;
				CLANG_ANALYZER_NUMBER_OBJECT_CONVERSION = YES_AGGRESSIVE;
				CLANG_CXX_LANGUAGE_STANDARD = "gnu++20";
				CLANG_ENABLE_MODULES = YES;
				CLANG_ENABLE_OBJC_ARC = YES;
				CLANG_ENABLE_OBJC_WEAK = YES;
				CLANG_WARN_BLOCK_CAPTURE_AUTORELEASING = YES;
				CLANG_WARN_BOOL_CONVERSION = YES;
				CLANG_WARN_COMMA = YES;
				CLANG_WARN_CONSTANT_CONVERSION = YES;
				CLANG_WARN_DEPRECATED_OBJC_IMPLEMENTATIONS = YES;
				CLANG_WARN_DIRECT_OBJC_ISA_USAGE = YES_ERROR;
				CLANG_WARN_DOCUMENTATION_COMMENTS = YES;
				CLANG_WARN_EMPTY_BODY = YES;
				CLANG_WARN_ENUM_CONVERSION = YES;
				CLANG_WARN_INFINITE_RECURSION = YES;
				CLANG_WARN_INT_CONVERSION = YES;
				CLANG_WARN_NON_LITERAL_NULL_CONVERSION = YES;
				CLANG_WARN_OBJC_IMPLICIT_RETAIN_SELF = YES;
				CLANG_WARN_OBJC_LITERAL_CONVERSION = YES;
				CLANG_WARN_OBJC_ROOT_CLASS = YES_ERROR;
				CLANG_WARN_QUOTED_INCLUDE_IN_FRAMEWORK_HEADER = YES;
				CLANG_WARN_RANGE_LOOP_ANALYSIS = YES;
				CLANG_WARN_STRICT_PROTOTYPES = YES;
				CLANG_WARN_SUSPICIOUS_MOVE = YES;
				CLANG_WARN_UNGUARDED_AVAILABILITY = YES_AGGRESSIVE;
				CLANG_WARN_UNREACHABLE_CODE = YES;
				CLANG_WARN__DUPLICATE_METHOD_MATCH = YES;
				COPY_PHASE_STRIP = NO;
				DEBUG_INFORMATION_FORMAT = dwarf;
				ENABLE_STRICT_OBJC_MSGSEND = YES;
				ENABLE_TESTABILITY = YES;
				ENABLE_USER_SCRIPT_SANDBOXING = YES;
				GCC_C_LANGUAGE_STANDARD = gnu17;
				GCC_DYNAMIC_NO_PIC = NO;
				GCC_NO_COMMON_BLOCKS = YES;
				GCC_OPTIMIZATION_LEVEL = 0;
				GCC_PREPROCESSOR_DEFINITIONS = (
					"DEBUG=1",
					"$(inherited)",
				);
				GCC_WARN_64_TO_32_BIT_CONVERSION = YES;
				GCC_WARN_ABOUT_RETURN_TYPE = YES_ERROR;
				GCC_WARN_UNDECLARED_SELECTOR = YES;
				GCC_WARN_UNINITIALIZED_AUTOS = YES_AGGRESSIVE;
				GCC_WARN_UNUSED_FUNCTION = YES;
				GCC_WARN_UNUSED_VARIABLE = YES;
				IPHONEOS_DEPLOYMENT_TARGET = 18.0;
				LOCALIZATION_PREFERS_STRING_CATALOGS = YES;
				MTL_ENABLE_DEBUG_INFO = INCLUDE_SOURCE;
				MTL_FAST_MATH = YES;
				ONLY_ACTIVE_ARCH = YES;
				SDKROOT = iphoneos;
				SWIFT_ACTIVE_COMPILATION_CONDITIONS = "DEBUG $(inherited)";
				SWIFT_OPTIMIZATION_LEVEL = "-Onone";
			};
			name = Debug;
		};
		07FB37D52C5FCB360070EEFA /* Release */ = {
			isa = XCBuildConfiguration;
			buildSettings = {
				ALWAYS_SEARCH_USER_PATHS = NO;
				ASSETCATALOG_COMPILER_GENERATE_SWIFT_ASSET_SYMBOL_EXTENSIONS = YES;
				CLANG_ANALYZER_NONNULL = YES;
				CLANG_ANALYZER_NUMBER_OBJECT_CONVERSION = YES_AGGRESSIVE;
				CLANG_CXX_LANGUAGE_STANDARD = "gnu++20";
				CLANG_ENABLE_MODULES = YES;
				CLANG_ENABLE_OBJC_ARC = YES;
				CLANG_ENABLE_OBJC_WEAK = YES;
				CLANG_WARN_BLOCK_CAPTURE_AUTORELEASING = YES;
				CLANG_WARN_BOOL_CONVERSION = YES;
				CLANG_WARN_COMMA = YES;
				CLANG_WARN_CONSTANT_CONVERSION = YES;
				CLANG_WARN_DEPRECATED_OBJC_IMPLEMENTATIONS = YES;
				CLANG_WARN_DIRECT_OBJC_ISA_USAGE = YES_ERROR;
				CLANG_WARN_DOCUMENTATION_COMMENTS = YES;
				CLANG_WARN_EMPTY_BODY = YES;
				CLANG_WARN_ENUM_CONVERSION = YES;
				CLANG_WARN_INFINITE_RECURSION = YES;
				CLANG_WARN_INT_CONVERSION = YES;
				CLANG_WARN_NON_LITERAL_NULL_CONVERSION = YES;
				CLANG_WARN_OBJC_IMPLICIT_RETAIN_SELF = YES;
				CLANG_WARN_OBJC_LITERAL_CONVERSION = YES;
				CLANG_WARN_OBJC_ROOT_CLASS = YES_ERROR;
				CLANG_WARN_QUOTED_INCLUDE_IN_FRAMEWORK_HEADER = YES;
				CLANG_WARN_RANGE_LOOP_ANALYSIS = YES;
				CLANG_WARN_STRICT_PROTOTYPES = YES;
				CLANG_WARN_SUSPICIOUS_MOVE = YES;
				CLANG_WARN_UNGUARDED_AVAILABILITY = YES_AGGRESSIVE;
				CLANG_WARN_UNREACHABLE_CODE = YES;
				CLANG_WARN__DUPLICATE_METHOD_MATCH = YES;
				COPY_PHASE_STRIP = NO;
				DEBUG_INFORMATION_FORMAT = "dwarf-with-dsym";
				ENABLE_NS_ASSERTIONS = NO;
				ENABLE_STRICT_OBJC_MSGSEND = YES;
				ENABLE_USER_SCRIPT_SANDBOXING = YES;
				GCC_C_LANGUAGE_STANDARD = gnu17;
				GCC_NO_COMMON_BLOCKS = YES;
				GCC_WARN_64_TO_32_BIT_CONVERSION = YES;
				GCC_WARN_ABOUT_RETURN_TYPE = YES_ERROR;
				GCC_WARN_UNDECLARED_SELECTOR = YES;
				GCC_WARN_UNINITIALIZED_AUTOS = YES_AGGRESSIVE;
				GCC_WARN_UNUSED_FUNCTION = YES;
				GCC_WARN_UNUSED_VARIABLE = YES;
				IPHONEOS_DEPLOYMENT_TARGET = 18.0;
				LOCALIZATION_PREFERS_STRING_CATALOGS = YES;
				MTL_ENABLE_DEBUG_INFO = NO;
				MTL_FAST_MATH = YES;
				SDKROOT = iphoneos;
				SWIFT_COMPILATION_MODE = wholemodule;
				VALIDATE_PRODUCT = YES;
			};
			name = Release;
		};
		07FB37D72C5FCB360070EEFA /* Debug */ = {
			isa = XCBuildConfiguration;
			buildSettings = {
				ASSETCATALOG_COMPILER_APPICON_NAME = AppIcon;
				ASSETCATALOG_COMPILER_GLOBAL_ACCENT_COLOR_NAME = AccentColor;
				CODE_SIGN_ENTITLEMENTS = Birthdays/Birthdays.entitlements;
				CODE_SIGN_STYLE = Automatic;
				CURRENT_PROJECT_VERSION = 1;
				DEVELOPMENT_ASSET_PATHS = "\"Birthdays/Preview Content\"";
				DEVELOPMENT_TEAM = P5K444356C;
				ENABLE_PREVIEWS = YES;
				GENERATE_INFOPLIST_FILE = YES;
				INFOPLIST_KEY_NSContactsUsageDescription = "We need to access contact to get birthdates";
				INFOPLIST_KEY_UIApplicationSceneManifest_Generation = YES;
				INFOPLIST_KEY_UIApplicationSupportsIndirectInputEvents = YES;
				INFOPLIST_KEY_UILaunchScreen_Generation = YES;
				INFOPLIST_KEY_UISupportedInterfaceOrientations_iPad = "UIInterfaceOrientationPortrait UIInterfaceOrientationPortraitUpsideDown UIInterfaceOrientationLandscapeLeft UIInterfaceOrientationLandscapeRight";
				INFOPLIST_KEY_UISupportedInterfaceOrientations_iPhone = "UIInterfaceOrientationPortrait UIInterfaceOrientationLandscapeLeft UIInterfaceOrientationLandscapeRight";
				LD_RUNPATH_SEARCH_PATHS = (
					"$(inherited)",
					"@executable_path/Frameworks",
				);
				MARKETING_VERSION = 1.0;
				PRODUCT_BUNDLE_IDENTIFIER = com.parpods.Birthdays;
				PRODUCT_NAME = "$(TARGET_NAME)";
				SWIFT_EMIT_LOC_STRINGS = YES;
				SWIFT_VERSION = 5.0;
				TARGETED_DEVICE_FAMILY = "1,2";
			};
			name = Debug;
		};
		07FB37D82C5FCB360070EEFA /* Release */ = {
			isa = XCBuildConfiguration;
			buildSettings = {
				ASSETCATALOG_COMPILER_APPICON_NAME = AppIcon;
				ASSETCATALOG_COMPILER_GLOBAL_ACCENT_COLOR_NAME = AccentColor;
				CODE_SIGN_ENTITLEMENTS = Birthdays/Birthdays.entitlements;
				CODE_SIGN_STYLE = Automatic;
				CURRENT_PROJECT_VERSION = 1;
				DEVELOPMENT_ASSET_PATHS = "\"Birthdays/Preview Content\"";
				DEVELOPMENT_TEAM = P5K444356C;
				ENABLE_PREVIEWS = YES;
				GENERATE_INFOPLIST_FILE = YES;
				INFOPLIST_KEY_NSContactsUsageDescription = "We need to access contact to get birthdates";
				INFOPLIST_KEY_UIApplicationSceneManifest_Generation = YES;
				INFOPLIST_KEY_UIApplicationSupportsIndirectInputEvents = YES;
				INFOPLIST_KEY_UILaunchScreen_Generation = YES;
				INFOPLIST_KEY_UISupportedInterfaceOrientations_iPad = "UIInterfaceOrientationPortrait UIInterfaceOrientationPortraitUpsideDown UIInterfaceOrientationLandscapeLeft UIInterfaceOrientationLandscapeRight";
				INFOPLIST_KEY_UISupportedInterfaceOrientations_iPhone = "UIInterfaceOrientationPortrait UIInterfaceOrientationLandscapeLeft UIInterfaceOrientationLandscapeRight";
				LD_RUNPATH_SEARCH_PATHS = (
					"$(inherited)",
					"@executable_path/Frameworks",
				);
				MARKETING_VERSION = 1.0;
				PRODUCT_BUNDLE_IDENTIFIER = com.parpods.Birthdays;
				PRODUCT_NAME = "$(TARGET_NAME)";
				SWIFT_EMIT_LOC_STRINGS = YES;
				SWIFT_VERSION = 5.0;
				TARGETED_DEVICE_FAMILY = "1,2";
			};
			name = Release;
		};
		07FB38322C5FDFE00070EEFA /* Debug */ = {
			isa = XCBuildConfiguration;
			buildSettings = {
				ASSETCATALOG_COMPILER_GLOBAL_ACCENT_COLOR_NAME = AccentColor;
				ASSETCATALOG_COMPILER_WIDGET_BACKGROUND_COLOR_NAME = WidgetBackground;
				CODE_SIGN_ENTITLEMENTS = BirthdayWidgetExtension.entitlements;
				CODE_SIGN_STYLE = Automatic;
				CURRENT_PROJECT_VERSION = 1;
				DEVELOPMENT_TEAM = P5K444356C;
				GENERATE_INFOPLIST_FILE = YES;
				INFOPLIST_FILE = BirthdayWidget/Info.plist;
				INFOPLIST_KEY_CFBundleDisplayName = BirthdayWidget;
				INFOPLIST_KEY_NSHumanReadableCopyright = "";
				LD_RUNPATH_SEARCH_PATHS = (
					"$(inherited)",
					"@executable_path/Frameworks",
					"@executable_path/../../Frameworks",
				);
				MARKETING_VERSION = 1.0;
				PRODUCT_BUNDLE_IDENTIFIER = com.parpods.Birthdays.BirthdayWidget;
				PRODUCT_NAME = "$(TARGET_NAME)";
				SKIP_INSTALL = YES;
				SWIFT_EMIT_LOC_STRINGS = YES;
				SWIFT_VERSION = 5.0;
				TARGETED_DEVICE_FAMILY = "1,2";
			};
			name = Debug;
		};
		07FB38332C5FDFE00070EEFA /* Release */ = {
			isa = XCBuildConfiguration;
			buildSettings = {
				ASSETCATALOG_COMPILER_GLOBAL_ACCENT_COLOR_NAME = AccentColor;
				ASSETCATALOG_COMPILER_WIDGET_BACKGROUND_COLOR_NAME = WidgetBackground;
				CODE_SIGN_ENTITLEMENTS = BirthdayWidgetExtension.entitlements;
				CODE_SIGN_STYLE = Automatic;
				CURRENT_PROJECT_VERSION = 1;
				DEVELOPMENT_TEAM = P5K444356C;
				GENERATE_INFOPLIST_FILE = YES;
				INFOPLIST_FILE = BirthdayWidget/Info.plist;
				INFOPLIST_KEY_CFBundleDisplayName = BirthdayWidget;
				INFOPLIST_KEY_NSHumanReadableCopyright = "";
				LD_RUNPATH_SEARCH_PATHS = (
					"$(inherited)",
					"@executable_path/Frameworks",
					"@executable_path/../../Frameworks",
				);
				MARKETING_VERSION = 1.0;
				PRODUCT_BUNDLE_IDENTIFIER = com.parpods.Birthdays.BirthdayWidget;
				PRODUCT_NAME = "$(TARGET_NAME)";
				SKIP_INSTALL = YES;
				SWIFT_EMIT_LOC_STRINGS = YES;
				SWIFT_VERSION = 5.0;
				TARGETED_DEVICE_FAMILY = "1,2";
			};
			name = Release;
		};
/* End XCBuildConfiguration section */

/* Begin XCConfigurationList section */
		07FB37C32C5FCB350070EEFA /* Build configuration list for PBXProject "Birthdays" */ = {
			isa = XCConfigurationList;
			buildConfigurations = (
				07FB37D42C5FCB360070EEFA /* Debug */,
				07FB37D52C5FCB360070EEFA /* Release */,
			);
			defaultConfigurationIsVisible = 0;
			defaultConfigurationName = Release;
		};
		07FB37D62C5FCB360070EEFA /* Build configuration list for PBXNativeTarget "Birthdays" */ = {
			isa = XCConfigurationList;
			buildConfigurations = (
				07FB37D72C5FCB360070EEFA /* Debug */,
				07FB37D82C5FCB360070EEFA /* Release */,
			);
			defaultConfigurationIsVisible = 0;
			defaultConfigurationName = Release;
		};
		07FB38312C5FDFE00070EEFA /* Build configuration list for PBXNativeTarget "BirthdayWidgetExtension" */ = {
			isa = XCConfigurationList;
			buildConfigurations = (
				07FB38322C5FDFE00070EEFA /* Debug */,
				07FB38332C5FDFE00070EEFA /* Release */,
			);
			defaultConfigurationIsVisible = 0;
			defaultConfigurationName = Release;
		};
/* End XCConfigurationList section */
	};
	rootObject = 07FB37C02C5FCB350070EEFA /* Project object */;
}
