{
  "originHash" : "4158298931e9fa0df899bd8976ef6066ddd947e55ad8a809f2c387fa0d987fc6",
  "pins" : [
    {
      "identity" : "dotlottie-ios",
      "kind" : "remoteSourceControl",
      "location" : "https://github.com/LottieFiles/dotlottie-ios",
      "state" : {
        "branch" : "main",
        "revision" : "4d714e2473118b684a174a804b308c3848cd4ad7"
      }
    },
    {
      "identity" : "shiny",
      "kind" : "remoteSourceControl",
      "location" : "https://github.com/maustinstar/shiny.git",
      "state" : {
        "branch" : "master",
        "revision" : "862360b8ab6b9ea9eb1156569a30f154b22625a5"
      }
    }
  ],
  "version" : 3
}
